
Microsoft Visual Studio Solution File, Format Version 12.00
# Visual Studio Version 17
VisualStudioVersion = 17.9.34728.123
MinimumVisualStudioVersion = 10.0.40219.1
Project("{FAE04EC0-301F-11D3-BF4B-00C04F79EFBC}") = "EXERCITANDO", "EXERCITANDO\EXERCITANDO.csproj", "{EA3A632F-BB57-4967-9737-C74005A58567}"
EndProject
Global
	GlobalSection(SolutionConfigurationPlatforms) = preSolution
		Debug|Any CPU = Debug|Any CPU
		Release|Any CPU = Release|Any CPU
	EndGlobalSection
	GlobalSection(ProjectConfigurationPlatforms) = postSolution
		{EA3A632F-BB57-4967-9737-C74005A58567}.Debug|Any CPU.ActiveCfg = Debug|Any CPU
		{EA3A632F-BB57-4967-9737-C74005A58567}.Debug|Any CPU.Build.0 = Debug|Any CPU
		{EA3A632F-BB57-4967-9737-C74005A58567}.Release|Any CPU.ActiveCfg = Release|Any CPU
		{EA3A632F-BB57-4967-9737-C74005A58567}.Release|Any CPU.Build.0 = Release|Any CPU
	EndGlobalSection
	GlobalSection(SolutionProperties) = preSolution
		HideSolutionNode = FALSE
	EndGlobalSection
	GlobalSection(ExtensibilityGlobals) = postSolution
		SolutionGuid = {A4498514-CE0A-421B-9EE2-F6E9C052BADF}
	EndGlobalSection
EndGlobal
